PODS:
  - Alamofire (4.7.2)
  - BouncyPageViewController (0.1.0):
    - RBBAnimation (= 0.4.0)
  - CocoaLumberjack/Core (3.5.3)
  - CocoaLumberjack/Swift (3.5.3):
    - CocoaLumberjack/Core
  - Flurry-iOS-SDK/FlurryAds (9.3.1):
    - Flurry-iOS-SDK/FlurrySDK
  - Flurry-iOS-SDK/FlurrySDK (9.3.1)
  - FoldingCell (3.1.1)
  - HandyJSON (5.0.0-beta.1)
  - LTScrollView (0.1.6)
  - MBProgressHUD (1.1.0)
  - RBBAnimation (0.4.0)
  - SDWebImage (4.4.0):
    - SDWebImage/Core (= 4.4.0)
  - SDWebImage/Core (4.4.0)
  - SnapKit (4.0.0)
  - SwiftSoup (1.7.1)
  - SwiftWebVC (0.4.2)
  - SwiftyJSON (4.1.0)

DEPENDENCIES:
  - Alamofire
  - BouncyPageViewController
  - CocoaLumberjack/Swift
  - Flurry-iOS-SDK/FlurryAds
  - Flurry-iOS-SDK/FlurrySDK
  - FoldingCell
  - HandyJSON (~> 5.0.0-beta.1)
  - LTScrollView
  - MBProgressHUD
  - SDWebImage
  - SnapKit
  - SwiftSoup
  - SwiftWebVC
  - SwiftyJSON

SPEC REPOS:
  https://github.com/cocoapods/specs.git:
    - Alamofire
    - BouncyPageViewController
    - CocoaLumberjack
    - Flurry-iOS-SDK
    - FoldingCell
    - HandyJSON
    - LTScrollView
    - MBProgressHUD
    - RBBAnimation
    - SDWebImage
    - SnapKit
    - SwiftSoup
    - SwiftWebVC
    - SwiftyJSON

SPEC CHECKSUMS:
  Alamofire: e4fa87002c137ba2d8d634d2c51fabcda0d5c223
  BouncyPageViewController: e62e46c88a200e1c8baf10fe1f0294fbddd75bc7
  CocoaLumberjack: 2f44e60eb91c176d471fdba43b9e3eae6a721947
  Flurry-iOS-SDK: 5d782d740c5e95389c327d38245b3db4bb471fd7
  FoldingCell: 238c33ae8d9cd655090c9c4c5ff32596cfd18c6e
  HandyJSON: 582477127ab3ab65bd2e471815f1a7b846856978
  LTScrollView: 54ad587a9664434c6b25eefd2b8095eb5641c79c
  MBProgressHUD: e7baa36a220447d8aeb12769bf0585582f3866d9
  RBBAnimation: 4b2d66f6d993febce63cd564da934985313b9c59
  SDWebImage: b534502786e43dde36dfcaee89356fe6df30e203
  SnapKit: a42d492c16e80209130a3379f73596c3454b7694
  SwiftSoup: 277f7ef548826e0ca7603a06b30d4a5df3ee0587
  SwiftWebVC: ecc4feaabe5a3f75e059a0a345d3386bb0d16c44
  SwiftyJSON: c29297daf073d2aa016295d5809cdd68045c39b3

PODFILE CHECKSUM: 774875a9057c62aff433c0bd5edc5ddbb6a672c2

COCOAPODS: 1.5.3
